
Microsoft Visual Studio Solution File, Format Version 12.00
# Visual Studio 15
VisualStudioVersion = 15.0.27130.2026
MinimumVisualStudioVersion = 10.0.40219.1
Project("{FAE04EC0-301F-11D3-BF4B-00C04F79EFBC}") = "VideoLeecher.shared", "VideoLeecher.shared\VideoLeecher.shared.csproj", "{C8C59B49-65C3-45B8-BCFC-295940438824}"
EndProject
Project("{FAE04EC0-301F-11D3-BF4B-00C04F79EFBC}") = "VideoLeecher.core", "VideoLeecher.core\VideoLeecher.core.csproj", "{C51FDF14-4D44-46D9-BD08-087EF66DB72F}"
EndProject
Project("{FAE04EC0-301F-11D3-BF4B-00C04F79EFBC}") = "VideoLeecher.services", "VideoLeecher.services\VideoLeecher.services.csproj", "{36340D8D-D710-413C-8B01-B76CD97DA07F}"
EndProject
Global
	GlobalSection(SolutionConfigurationPlatforms) = preSolution
		Debug|Any CPU = Debug|Any CPU
		Release|Any CPU = Release|Any CPU
	EndGlobalSection
	GlobalSection(ProjectConfigurationPlatforms) = postSolution
		{C8C59B49-65C3-45B8-BCFC-295940438824}.Debug|Any CPU.ActiveCfg = Debug|Any CPU
		{C8C59B49-65C3-45B8-BCFC-295940438824}.Debug|Any CPU.Build.0 = Debug|Any CPU
		{C8C59B49-65C3-45B8-BCFC-295940438824}.Release|Any CPU.ActiveCfg = Release|Any CPU
		{C8C59B49-65C3-45B8-BCFC-295940438824}.Release|Any CPU.Build.0 = Release|Any CPU
		{C51FDF14-4D44-46D9-BD08-087EF66DB72F}.Debug|Any CPU.ActiveCfg = Debug|Any CPU
		{C51FDF14-4D44-46D9-BD08-087EF66DB72F}.Debug|Any CPU.Build.0 = Debug|Any CPU
		{C51FDF14-4D44-46D9-BD08-087EF66DB72F}.Release|Any CPU.ActiveCfg = Release|Any CPU
		{C51FDF14-4D44-46D9-BD08-087EF66DB72F}.Release|Any CPU.Build.0 = Release|Any CPU
		{36340D8D-D710-413C-8B01-B76CD97DA07F}.Debug|Any CPU.ActiveCfg = Debug|Any CPU
		{36340D8D-D710-413C-8B01-B76CD97DA07F}.Debug|Any CPU.Build.0 = Debug|Any CPU
		{36340D8D-D710-413C-8B01-B76CD97DA07F}.Release|Any CPU.ActiveCfg = Release|Any CPU
		{36340D8D-D710-413C-8B01-B76CD97DA07F}.Release|Any CPU.Build.0 = Release|Any CPU
	EndGlobalSection
	GlobalSection(SolutionProperties) = preSolution
		HideSolutionNode = FALSE
	EndGlobalSection
	GlobalSection(ExtensibilityGlobals) = postSolution
		SolutionGuid = {9B17B7D2-817A-4D15-BCE6-D4A64F54B6A7}
	EndGlobalSection
EndGlobal
